Microsoft Visual Studio Solution File, Format Version 11.00
# Visual Studio 2008

Project("{2CE92571-59E9-51A6-6B55-43D50E735346}") = "Kirby_testing", "Assembly-CSharp.csproj", "{B7034F45-D2B9-8F3F-A07D-CA3DDDBFD96B}"
EndProject
Global
	GlobalSection(SolutionConfigurationPlatforms) = preSolution
		Debug|Any CPU = Debug|Any CPU
		Release|Any CPU = Release|Any CPU
	EndGlobalSection
	GlobalSection(ProjectConfigurationPlatforms) = postSolution
		{B7034F45-D2B9-8F3F-A07D-CA3DDDBFD96B}.Debug|Any CPU.ActiveCfg = Debug|Any CPU
		{B7034F45-D2B9-8F3F-A07D-CA3DDDBFD96B}.Debug|Any CPU.Build.0 = Debug|Any CPU
		{B7034F45-D2B9-8F3F-A07D-CA3DDDBFD96B}.Release|Any CPU.ActiveCfg = Release|Any CPU
		{B7034F45-D2B9-8F3F-A07D-CA3DDDBFD96B}.Release|Any CPU.Build.0 = Release|Any CPU
	EndGlobalSection
	GlobalSection(SolutionProperties) = preSolution
		HideSolutionNode = FALSE
	EndGlobalSection
																																																															GlobalSection(MonoDevelopProperties) = preSolution
		StartupItem = Assembly-CSharp.csproj
		Policies = $0
		$0.TextStylePolicy = $1
		$1.inheritsSet = null
		$1.scope = text/x-csharp
		$0.CSharpFormattingPolicy = $2
		$2.inheritsSet = Mono
		$2.inheritsScope = text/x-csharp
		$2.scope = text/x-csharp
		$0.TextStylePolicy = $3
		$3.FileWidth = 120
		$3.TabWidth = 4
		$3.EolMarker = Unix
		$3.inheritsSet = Mono
		$3.inheritsScope = text/plain
		$3.scope = text/plain
	EndGlobalSection

EndGlobal
